{
  "name": "hellofn",
  "version": "1.0.0",
  "lockfileVersion": 1,
  "requires": true,
  "dependencies": {
    "@fnproject/fdk": {
      "version": "0.0.15",
      "resolved": "https://registry.npmjs.org/@fnproject/fdk/-/fdk-0.0.15.tgz",
      "integrity": "sha512-tNsbmo7IHwxYV0GRFW0naI+pBxVWqUT8oC6hWkwRXLFk/F+YO4KAe7gNgcTSeQsZ+I6R48GblrneYfqLWhKbhQ=="
    },
    "dateformat": {
      "version": "3.0.3",
      "resolved": "https://registry.npmjs.org/dateformat/-/dateformat-3.0.3.tgz",
      "integrity": "sha512-jyCETtSl3VMZMWeRo7iY1FL19ges1t55hMo5yaam4Jrsm5EPL89UQkoQRyiI+Yf4k8r2ZpdngkV8hr1lIdjb3Q=="
    },
    "oracledb": {
      "version": "4.0.1",
      "resolved": "https://registry.npmjs.org/oracledb/-/oracledb-4.0.1.tgz",
      "integrity": "sha512-IHgPS7+7kLHDEGP/L8o3Kh+rSyV6FArX1ob4xcOMc6hWt4EJVSVbHpPIpChGMOgb91x33AAb+kW9lVkqQIwRsg=="
    }
  }
}
